{
  "name": "onsenui-v2-vue-navigation",
  "version": "2.3.0+20170627.1",
  "lockfileVersion": 1,
  "requires": true,
  "dependencies": {
    "cordova-plugin-disable-ios11-statusbar": {
      "version": "1.0.0",
      "resolved": "https://registry.npmjs.org/cordova-plugin-disable-ios11-statusbar/-/cordova-plugin-disable-ios11-statusbar-1.0.0.tgz",
      "integrity": "sha1-EXeHux6wO5ySih9LA/ZOBb4pnpk="
    },
    "cordova-plugin-statusbar": {
      "version": "2.2.3",
      "resolved": "https://registry.npmjs.org/cordova-plugin-statusbar/-/cordova-plugin-statusbar-2.2.3.tgz",
      "integrity": "sha1-UcXgKtQzvr0LDcl3pEbrkd/uFQI="
    },
    "onsenui": {
      "version": "2.4.2",
      "resolved": "https://registry.npmjs.org/onsenui/-/onsenui-2.4.2.tgz",
      "integrity": "sha1-7bN2PxzkuKVi5FUzpS2mxYLLtqE=",
      "requires": {
        "@webcomponents/custom-elements": "git://github.com/onsenui/custom-elements.git#bf2f0a4aee940223cfa7eb18e29bd1da51edb90f",
        "core-js": "2.4.1"
      },
      "dependencies": {
        "@webcomponents/custom-elements": {
          "version": "git://github.com/onsenui/custom-elements.git#bf2f0a4aee940223cfa7eb18e29bd1da51edb90f"
        },
        "core-js": {
          "version": "2.4.1",
          "resolved": "https://registry.npmjs.org/core-js/-/core-js-2.4.1.tgz",
          "integrity": "sha1-TekR5mew6ukSTjQlS1OupvxhjT4="
        }
      }
    },
    "vue": {
      "version": "2.3.0",
      "resolved": "https://registry.npmjs.org/vue/-/vue-2.3.0.tgz",
      "integrity": "sha1-vETbBIjFJFx4gwTHaD7+e0yGLYI="
    },
    "vue-onsenui": {
      "version": "2.0.0",
      "resolved": "https://registry.npmjs.org/vue-onsenui/-/vue-onsenui-2.0.0.tgz",
      "integrity": "sha1-/txmkrB77YM6a7AOHGU6gkCt3Ps="
    }
  }
}
